
Microsoft Visual Studio Solution File, Format Version 12.00
# Visual Studio Version 17
VisualStudioVersion = 17.3.32922.545
MinimumVisualStudioVersion = 10.0.40219.1
Project("{8BC9CEB8-8B4A-11D0-8D11-00A0C91BC942}") = "Project1", "Project1\Project1.vcxproj", "{9FBCFB28-AA5E-4F8F-B3C9-B531F6A99965}"
EndProject
Project("{8BC9CEB8-8B4A-11D0-8D11-00A0C91BC942}") = "Project2", "Project2\Project2.vcxproj", "{3B8BCDE7-DB35-4FD2-B29B-CE0EA2B69401}"
EndProject
Project("{8BC9CEB8-8B4A-11D0-8D11-00A0C91BC942}") = "Project3", "Project3\Project3.vcxproj", "{FDAB3FE7-A3A4-4C88-85F2-9D78FB30C924}"
EndProject
Project("{8BC9CEB8-8B4A-11D0-8D11-00A0C91BC942}") = "Project4", "Project4\Project4.vcxproj", "{C9864953-2908-422B-84E5-B69D84670057}"
EndProject
Project("{8BC9CEB8-8B4A-11D0-8D11-00A0C91BC942}") = "Project5", "Project5\Project5.vcxproj", "{CAB44D59-D87E-40AB-B9FA-423CEB676A42}"
EndProject
Project("{8BC9CEB8-8B4A-11D0-8D11-00A0C91BC942}") = "Project6", "Project6\Project6.vcxproj", "{8BCC6A16-4A09-4E4D-A3C1-5F501784D5A6}"
EndProject
Project("{8BC9CEB8-8B4A-11D0-8D11-00A0C91BC942}") = "Project7", "Project7\Project7.vcxproj", "{B3F0B028-BCE6-4DCA-BB35-A502A43D8F8D}"
EndProject
Project("{8BC9CEB8-8B4A-11D0-8D11-00A0C91BC942}") = "Project8", "Project8\Project8.vcxproj", "{36257D5F-1D77-4467-8F4C-4E8950C487E9}"
EndProject
Project("{8BC9CEB8-8B4A-11D0-8D11-00A0C91BC942}") = "Project9", "Project9\Project9.vcxproj", "{22CE8F62-A02C-492D-A2FD-33A6D3BF371E}"
EndProject
Project("{8BC9CEB8-8B4A-11D0-8D11-00A0C91BC942}") = "Project10", "Project10\Project10.vcxproj", "{21E713C7-3FB3-4D50-A2D7-A5001D6562C1}"
EndProject
Project("{8BC9CEB8-8B4A-11D0-8D11-00A0C91BC942}") = "Project11", "Project11\Project11.vcxproj", "{C52F560C-8106-4544-8B90-2FE2EEB54D7B}"
EndProject
Project("{8BC9CEB8-8B4A-11D0-8D11-00A0C91BC942}") = "Project12", "Project12\Project12.vcxproj", "{8AA70540-B4EE-4AA3-B04F-F948DE15DA74}"
EndProject
Global
	GlobalSection(SolutionConfigurationPlatforms) = preSolution
		Debug|x64 = Debug|x64
		Debug|x86 = Debug|x86
		Release|x64 = Release|x64
		Release|x86 = Release|x86
	EndGlobalSection
	GlobalSection(ProjectConfigurationPlatforms) = postSolution
		{9FBCFB28-AA5E-4F8F-B3C9-B531F6A99965}.Debug|x64.ActiveCfg = Debug|x64
		{9FBCFB28-AA5E-4F8F-B3C9-B531F6A99965}.Debug|x64.Build.0 = Debug|x64
		{9FBCFB28-AA5E-4F8F-B3C9-B531F6A99965}.Debug|x86.ActiveCfg = Debug|Win32
		{9FBCFB28-AA5E-4F8F-B3C9-B531F6A99965}.Debug|x86.Build.0 = Debug|Win32
		{9FBCFB28-AA5E-4F8F-B3C9-B531F6A99965}.Release|x64.ActiveCfg = Release|x64
		{9FBCFB28-AA5E-4F8F-B3C9-B531F6A99965}.Release|x64.Build.0 = Release|x64
		{9FBCFB28-AA5E-4F8F-B3C9-B531F6A99965}.Release|x86.ActiveCfg = Release|Win32
		{9FBCFB28-AA5E-4F8F-B3C9-B531F6A99965}.Release|x86.Build.0 = Release|Win32
		{3B8BCDE7-DB35-4FD2-B29B-CE0EA2B69401}.Debug|x64.ActiveCfg = Debug|x64
		{3B8BCDE7-DB35-4FD2-B29B-CE0EA2B69401}.Debug|x64.Build.0 = Debug|x64
		{3B8BCDE7-DB35-4FD2-B29B-CE0EA2B69401}.Debug|x86.ActiveCfg = Debug|Win32
		{3B8BCDE7-DB35-4FD2-B29B-CE0EA2B69401}.Debug|x86.Build.0 = Debug|Win32
		{3B8BCDE7-DB35-4FD2-B29B-CE0EA2B69401}.Release|x64.ActiveCfg = Release|x64
		{3B8BCDE7-DB35-4FD2-B29B-CE0EA2B69401}.Release|x64.Build.0 = Release|x64
		{3B8BCDE7-DB35-4FD2-B29B-CE0EA2B69401}.Release|x86.ActiveCfg = Release|Win32
		{3B8BCDE7-DB35-4FD2-B29B-CE0EA2B69401}.Release|x86.Build.0 = Release|Win32
		{FDAB3FE7-A3A4-4C88-85F2-9D78FB30C924}.Debug|x64.ActiveCfg = Debug|x64
		{FDAB3FE7-A3A4-4C88-85F2-9D78FB30C924}.Debug|x64.Build.0 = Debug|x64
		{FDAB3FE7-A3A4-4C88-85F2-9D78FB30C924}.Debug|x86.ActiveCfg = Debug|Win32
		{FDAB3FE7-A3A4-4C88-85F2-9D78FB30C924}.Debug|x86.Build.0 = Debug|Win32
		{FDAB3FE7-A3A4-4C88-85F2-9D78FB30C924}.Release|x64.ActiveCfg = Release|x64
		{FDAB3FE7-A3A4-4C88-85F2-9D78FB30C924}.Release|x64.Build.0 = Release|x64
		{FDAB3FE7-A3A4-4C88-85F2-9D78FB30C924}.Release|x86.ActiveCfg = Release|Win32
		{FDAB3FE7-A3A4-4C88-85F2-9D78FB30C924}.Release|x86.Build.0 = Release|Win32
		{C9864953-2908-422B-84E5-B69D84670057}.Debug|x64.ActiveCfg = Debug|x64
		{C9864953-2908-422B-84E5-B69D84670057}.Debug|x64.Build.0 = Debug|x64
		{C9864953-2908-422B-84E5-B69D84670057}.Debug|x86.ActiveCfg = Debug|Win32
		{C9864953-2908-422B-84E5-B69D84670057}.Debug|x86.Build.0 = Debug|Win32
		{C9864953-2908-422B-84E5-B69D84670057}.Release|x64.ActiveCfg = Release|x64
		{C9864953-2908-422B-84E5-B69D84670057}.Release|x64.Build.0 = Release|x64
		{C9864953-2908-422B-84E5-B69D84670057}.Release|x86.ActiveCfg = Release|Win32
		{C9864953-2908-422B-84E5-B69D84670057}.Release|x86.Build.0 = Release|Win32
		{CAB44D59-D87E-40AB-B9FA-423CEB676A42}.Debug|x64.ActiveCfg = Debug|x64
		{CAB44D59-D87E-40AB-B9FA-423CEB676A42}.Debug|x64.Build.0 = Debug|x64
		{CAB44D59-D87E-40AB-B9FA-423CEB676A42}.Debug|x86.ActiveCfg = Debug|Win32
		{CAB44D59-D87E-40AB-B9FA-423CEB676A42}.Debug|x86.Build.0 = Debug|Win32
		{CAB44D59-D87E-40AB-B9FA-423CEB676A42}.Release|x64.ActiveCfg = Release|x64
		{CAB44D59-D87E-40AB-B9FA-423CEB676A42}.Release|x64.Build.0 = Release|x64
		{CAB44D59-D87E-40AB-B9FA-423CEB676A42}.Release|x86.ActiveCfg = Release|Win32
		{CAB44D59-D87E-40AB-B9FA-423CEB676A42}.Release|x86.Build.0 = Release|Win32
		{8BCC6A16-4A09-4E4D-A3C1-5F501784D5A6}.Debug|x64.ActiveCfg = Debug|x64
		{8BCC6A16-4A09-4E4D-A3C1-5F501784D5A6}.Debug|x64.Build.0 = Debug|x64
		{8BCC6A16-4A09-4E4D-A3C1-5F501784D5A6}.Debug|x86.ActiveCfg = Debug|Win32
		{8BCC6A16-4A09-4E4D-A3C1-5F501784D5A6}.Debug|x86.Build.0 = Debug|Win32
		{8BCC6A16-4A09-4E4D-A3C1-5F501784D5A6}.Release|x64.ActiveCfg = Release|x64
		{8BCC6A16-4A09-4E4D-A3C1-5F501784D5A6}.Release|x64.Build.0 = Release|x64
		{8BCC6A16-4A09-4E4D-A3C1-5F501784D5A6}.Release|x86.ActiveCfg = Release|Win32
		{8BCC6A16-4A09-4E4D-A3C1-5F501784D5A6}.Release|x86.Build.0 = Release|Win32
		{B3F0B028-BCE6-4DCA-BB35-A502A43D8F8D}.Debug|x64.ActiveCfg = Debug|x64
		{B3F0B028-BCE6-4DCA-BB35-A502A43D8F8D}.Debug|x64.Build.0 = Debug|x64
		{B3F0B028-BCE6-4DCA-BB35-A502A43D8F8D}.Debug|x86.ActiveCfg = Debug|Win32
		{B3F0B028-BCE6-4DCA-BB35-A502A43D8F8D}.Debug|x86.Build.0 = Debug|Win32
		{B3F0B028-BCE6-4DCA-BB35-A502A43D8F8D}.Release|x64.ActiveCfg = Release|x64
		{B3F0B028-BCE6-4DCA-BB35-A502A43D8F8D}.Release|x64.Build.0 = Release|x64
		{B3F0B028-BCE6-4DCA-BB35-A502A43D8F8D}.Release|x86.ActiveCfg = Release|Win32
		{B3F0B028-BCE6-4DCA-BB35-A502A43D8F8D}.Release|x86.Build.0 = Release|Win32
		{36257D5F-1D77-4467-8F4C-4E8950C487E9}.Debug|x64.ActiveCfg = Debug|x64
		{36257D5F-1D77-4467-8F4C-4E8950C487E9}.Debug|x64.Build.0 = Debug|x64
		{36257D5F-1D77-4467-8F4C-4E8950C487E9}.Debug|x86.ActiveCfg = Debug|Win32
		{36257D5F-1D77-4467-8F4C-4E8950C487E9}.Debug|x86.Build.0 = Debug|Win32
		{36257D5F-1D77-4467-8F4C-4E8950C487E9}.Release|x64.ActiveCfg = Release|x64
		{36257D5F-1D77-4467-8F4C-4E8950C487E9}.Release|x64.Build.0 = Release|x64
		{36257D5F-1D77-4467-8F4C-4E8950C487E9}.Release|x86.ActiveCfg = Release|Win32
		{36257D5F-1D77-4467-8F4C-4E8950C487E9}.Release|x86.Build.0 = Release|Win32
		{22CE8F62-A02C-492D-A2FD-33A6D3BF371E}.Debug|x64.ActiveCfg = Debug|x64
		{22CE8F62-A02C-492D-A2FD-33A6D3BF371E}.Debug|x64.Build.0 = Debug|x64
		{22CE8F62-A02C-492D-A2FD-33A6D3BF371E}.Debug|x86.ActiveCfg = Debug|Win32
		{22CE8F62-A02C-492D-A2FD-33A6D3BF371E}.Debug|x86.Build.0 = Debug|Win32
		{22CE8F62-A02C-492D-A2FD-33A6D3BF371E}.Release|x64.ActiveCfg = Release|x64
		{22CE8F62-A02C-492D-A2FD-33A6D3BF371E}.Release|x64.Build.0 = Release|x64
		{22CE8F62-A02C-492D-A2FD-33A6D3BF371E}.Release|x86.ActiveCfg = Release|Win32
		{22CE8F62-A02C-492D-A2FD-33A6D3BF371E}.Release|x86.Build.0 = Release|Win32
		{21E713C7-3FB3-4D50-A2D7-A5001D6562C1}.Debug|x64.ActiveCfg = Debug|x64
		{21E713C7-3FB3-4D50-A2D7-A5001D6562C1}.Debug|x64.Build.0 = Debug|x64
		{21E713C7-3FB3-4D50-A2D7-A5001D6562C1}.Debug|x86.ActiveCfg = Debug|Win32
		{21E713C7-3FB3-4D50-A2D7-A5001D6562C1}.Debug|x86.Build.0 = Debug|Win32
		{21E713C7-3FB3-4D50-A2D7-A5001D6562C1}.Release|x64.ActiveCfg = Release|x64
		{21E713C7-3FB3-4D50-A2D7-A5001D6562C1}.Release|x64.Build.0 = Release|x64
		{21E713C7-3FB3-4D50-A2D7-A5001D6562C1}.Release|x86.ActiveCfg = Release|Win32
		{21E713C7-3FB3-4D50-A2D7-A5001D6562C1}.Release|x86.Build.0 = Release|Win32
		{C52F560C-8106-4544-8B90-2FE2EEB54D7B}.Debug|x64.ActiveCfg = Debug|x64
		{C52F560C-8106-4544-8B90-2FE2EEB54D7B}.Debug|x64.Build.0 = Debug|x64
		{C52F560C-8106-4544-8B90-2FE2EEB54D7B}.Debug|x86.ActiveCfg = Debug|Win32
		{C52F560C-8106-4544-8B90-2FE2EEB54D7B}.Debug|x86.Build.0 = Debug|Win32
		{C52F560C-8106-4544-8B90-2FE2EEB54D7B}.Release|x64.ActiveCfg = Release|x64
		{C52F560C-8106-4544-8B90-2FE2EEB54D7B}.Release|x64.Build.0 = Release|x64
		{C52F560C-8106-4544-8B90-2FE2EEB54D7B}.Release|x86.ActiveCfg = Release|Win32
		{C52F560C-8106-4544-8B90-2FE2EEB54D7B}.Release|x86.Build.0 = Release|Win32
		{8AA70540-B4EE-4AA3-B04F-F948DE15DA74}.Debug|x64.ActiveCfg = Debug|x64
		{8AA70540-B4EE-4AA3-B04F-F948DE15DA74}.Debug|x64.Build.0 = Debug|x64
		{8AA70540-B4EE-4AA3-B04F-F948DE15DA74}.Debug|x86.ActiveCfg = Debug|Win32
		{8AA70540-B4EE-4AA3-B04F-F948DE15DA74}.Debug|x86.Build.0 = Debug|Win32
		{8AA70540-B4EE-4AA3-B04F-F948DE15DA74}.Release|x64.ActiveCfg = Release|x64
		{8AA70540-B4EE-4AA3-B04F-F948DE15DA74}.Release|x64.Build.0 = Release|x64
		{8AA70540-B4EE-4AA3-B04F-F948DE15DA74}.Release|x86.ActiveCfg = Release|Win32
		{8AA70540-B4EE-4AA3-B04F-F948DE15DA74}.Release|x86.Build.0 = Release|Win32
	EndGlobalSection
	GlobalSection(SolutionProperties) = preSolution
		HideSolutionNode = FALSE
	EndGlobalSection
	GlobalSection(ExtensibilityGlobals) = postSolution
		SolutionGuid = {B40CACA4-A69C-4F06-91E5-EB847FC55AF3}
	EndGlobalSection
EndGlobal
