
Microsoft Visual Studio Solution File, Format Version 12.00
# Visual Studio Version 17
VisualStudioVersion = 17.3.32922.545
MinimumVisualStudioVersion = 10.0.40219.1
Project("{8BC9CEB8-8B4A-11D0-8D11-00A0C91BC942}") = "Project1", "Project1\Project1.vcxproj", "{90A346C8-9C46-4D7B-862E-2E134A86E827}"
EndProject
Project("{8BC9CEB8-8B4A-11D0-8D11-00A0C91BC942}") = "Project2", "Project2\Project2.vcxproj", "{64B90D2A-96CE-43BF-B481-986B6BDC0F9C}"
EndProject
Project("{8BC9CEB8-8B4A-11D0-8D11-00A0C91BC942}") = "Project3", "Project3\Project3.vcxproj", "{41226AB2-EC0A-4369-BFCB-28478D6D33B1}"
EndProject
Project("{8BC9CEB8-8B4A-11D0-8D11-00A0C91BC942}") = "Project4", "Project4\Project4.vcxproj", "{5B3839C5-C9FA-4D30-97C2-677BC73AF55A}"
EndProject
Project("{8BC9CEB8-8B4A-11D0-8D11-00A0C91BC942}") = "Project5", "Project5\Project5.vcxproj", "{166E9413-8C24-4A46-93C5-D3AF361ECD14}"
EndProject
Project("{8BC9CEB8-8B4A-11D0-8D11-00A0C91BC942}") = "Project6", "Project6\Project6.vcxproj", "{938FE27D-3134-481D-8AF8-CA5959717E2B}"
EndProject
Project("{8BC9CEB8-8B4A-11D0-8D11-00A0C91BC942}") = "Project7", "Project7\Project7.vcxproj", "{9705E51D-0EFB-4A47-B333-61A5163A3529}"
EndProject
Project("{8BC9CEB8-8B4A-11D0-8D11-00A0C91BC942}") = "Project8", "Project8\Project8.vcxproj", "{42FDB310-51D0-49CA-82E6-4AB74E626675}"
EndProject
Global
	GlobalSection(SolutionConfigurationPlatforms) = preSolution
		Debug|x64 = Debug|x64
		Debug|x86 = Debug|x86
		Release|x64 = Release|x64
		Release|x86 = Release|x86
	EndGlobalSection
	GlobalSection(ProjectConfigurationPlatforms) = postSolution
		{90A346C8-9C46-4D7B-862E-2E134A86E827}.Debug|x64.ActiveCfg = Debug|x64
		{90A346C8-9C46-4D7B-862E-2E134A86E827}.Debug|x64.Build.0 = Debug|x64
		{90A346C8-9C46-4D7B-862E-2E134A86E827}.Debug|x86.ActiveCfg = Debug|Win32
		{90A346C8-9C46-4D7B-862E-2E134A86E827}.Debug|x86.Build.0 = Debug|Win32
		{90A346C8-9C46-4D7B-862E-2E134A86E827}.Release|x64.ActiveCfg = Release|x64
		{90A346C8-9C46-4D7B-862E-2E134A86E827}.Release|x64.Build.0 = Release|x64
		{90A346C8-9C46-4D7B-862E-2E134A86E827}.Release|x86.ActiveCfg = Release|Win32
		{90A346C8-9C46-4D7B-862E-2E134A86E827}.Release|x86.Build.0 = Release|Win32
		{64B90D2A-96CE-43BF-B481-986B6BDC0F9C}.Debug|x64.ActiveCfg = Debug|x64
		{64B90D2A-96CE-43BF-B481-986B6BDC0F9C}.Debug|x64.Build.0 = Debug|x64
		{64B90D2A-96CE-43BF-B481-986B6BDC0F9C}.Debug|x86.ActiveCfg = Debug|Win32
		{64B90D2A-96CE-43BF-B481-986B6BDC0F9C}.Debug|x86.Build.0 = Debug|Win32
		{64B90D2A-96CE-43BF-B481-986B6BDC0F9C}.Release|x64.ActiveCfg = Release|x64
		{64B90D2A-96CE-43BF-B481-986B6BDC0F9C}.Release|x64.Build.0 = Release|x64
		{64B90D2A-96CE-43BF-B481-986B6BDC0F9C}.Release|x86.ActiveCfg = Release|Win32
		{64B90D2A-96CE-43BF-B481-986B6BDC0F9C}.Release|x86.Build.0 = Release|Win32
		{41226AB2-EC0A-4369-BFCB-28478D6D33B1}.Debug|x64.ActiveCfg = Debug|x64
		{41226AB2-EC0A-4369-BFCB-28478D6D33B1}.Debug|x64.Build.0 = Debug|x64
		{41226AB2-EC0A-4369-BFCB-28478D6D33B1}.Debug|x86.ActiveCfg = Debug|Win32
		{41226AB2-EC0A-4369-BFCB-28478D6D33B1}.Debug|x86.Build.0 = Debug|Win32
		{41226AB2-EC0A-4369-BFCB-28478D6D33B1}.Release|x64.ActiveCfg = Release|x64
		{41226AB2-EC0A-4369-BFCB-28478D6D33B1}.Release|x64.Build.0 = Release|x64
		{41226AB2-EC0A-4369-BFCB-28478D6D33B1}.Release|x86.ActiveCfg = Release|Win32
		{41226AB2-EC0A-4369-BFCB-28478D6D33B1}.Release|x86.Build.0 = Release|Win32
		{5B3839C5-C9FA-4D30-97C2-677BC73AF55A}.Debug|x64.ActiveCfg = Debug|x64
		{5B3839C5-C9FA-4D30-97C2-677BC73AF55A}.Debug|x64.Build.0 = Debug|x64
		{5B3839C5-C9FA-4D30-97C2-677BC73AF55A}.Debug|x86.ActiveCfg = Debug|Win32
		{5B3839C5-C9FA-4D30-97C2-677BC73AF55A}.Debug|x86.Build.0 = Debug|Win32
		{5B3839C5-C9FA-4D30-97C2-677BC73AF55A}.Release|x64.ActiveCfg = Release|x64
		{5B3839C5-C9FA-4D30-97C2-677BC73AF55A}.Release|x64.Build.0 = Release|x64
		{5B3839C5-C9FA-4D30-97C2-677BC73AF55A}.Release|x86.ActiveCfg = Release|Win32
		{5B3839C5-C9FA-4D30-97C2-677BC73AF55A}.Release|x86.Build.0 = Release|Win32
		{166E9413-8C24-4A46-93C5-D3AF361ECD14}.Debug|x64.ActiveCfg = Debug|x64
		{166E9413-8C24-4A46-93C5-D3AF361ECD14}.Debug|x64.Build.0 = Debug|x64
		{166E9413-8C24-4A46-93C5-D3AF361ECD14}.Debug|x86.ActiveCfg = Debug|Win32
		{166E9413-8C24-4A46-93C5-D3AF361ECD14}.Debug|x86.Build.0 = Debug|Win32
		{166E9413-8C24-4A46-93C5-D3AF361ECD14}.Release|x64.ActiveCfg = Release|x64
		{166E9413-8C24-4A46-93C5-D3AF361ECD14}.Release|x64.Build.0 = Release|x64
		{166E9413-8C24-4A46-93C5-D3AF361ECD14}.Release|x86.ActiveCfg = Release|Win32
		{166E9413-8C24-4A46-93C5-D3AF361ECD14}.Release|x86.Build.0 = Release|Win32
		{938FE27D-3134-481D-8AF8-CA5959717E2B}.Debug|x64.ActiveCfg = Debug|x64
		{938FE27D-3134-481D-8AF8-CA5959717E2B}.Debug|x64.Build.0 = Debug|x64
		{938FE27D-3134-481D-8AF8-CA5959717E2B}.Debug|x86.ActiveCfg = Debug|Win32
		{938FE27D-3134-481D-8AF8-CA5959717E2B}.Debug|x86.Build.0 = Debug|Win32
		{938FE27D-3134-481D-8AF8-CA5959717E2B}.Release|x64.ActiveCfg = Release|x64
		{938FE27D-3134-481D-8AF8-CA5959717E2B}.Release|x64.Build.0 = Release|x64
		{938FE27D-3134-481D-8AF8-CA5959717E2B}.Release|x86.ActiveCfg = Release|Win32
		{938FE27D-3134-481D-8AF8-CA5959717E2B}.Release|x86.Build.0 = Release|Win32
		{9705E51D-0EFB-4A47-B333-61A5163A3529}.Debug|x64.ActiveCfg = Debug|x64
		{9705E51D-0EFB-4A47-B333-61A5163A3529}.Debug|x64.Build.0 = Debug|x64
		{9705E51D-0EFB-4A47-B333-61A5163A3529}.Debug|x86.ActiveCfg = Debug|Win32
		{9705E51D-0EFB-4A47-B333-61A5163A3529}.Debug|x86.Build.0 = Debug|Win32
		{9705E51D-0EFB-4A47-B333-61A5163A3529}.Release|x64.ActiveCfg = Release|x64
		{9705E51D-0EFB-4A47-B333-61A5163A3529}.Release|x64.Build.0 = Release|x64
		{9705E51D-0EFB-4A47-B333-61A5163A3529}.Release|x86.ActiveCfg = Release|Win32
		{9705E51D-0EFB-4A47-B333-61A5163A3529}.Release|x86.Build.0 = Release|Win32
		{42FDB310-51D0-49CA-82E6-4AB74E626675}.Debug|x64.ActiveCfg = Debug|x64
		{42FDB310-51D0-49CA-82E6-4AB74E626675}.Debug|x64.Build.0 = Debug|x64
		{42FDB310-51D0-49CA-82E6-4AB74E626675}.Debug|x86.ActiveCfg = Debug|Win32
		{42FDB310-51D0-49CA-82E6-4AB74E626675}.Debug|x86.Build.0 = Debug|Win32
		{42FDB310-51D0-49CA-82E6-4AB74E626675}.Release|x64.ActiveCfg = Release|x64
		{42FDB310-51D0-49CA-82E6-4AB74E626675}.Release|x64.Build.0 = Release|x64
		{42FDB310-51D0-49CA-82E6-4AB74E626675}.Release|x86.ActiveCfg = Release|Win32
		{42FDB310-51D0-49CA-82E6-4AB74E626675}.Release|x86.Build.0 = Release|Win32
	EndGlobalSection
	GlobalSection(SolutionProperties) = preSolution
		HideSolutionNode = FALSE
	EndGlobalSection
	GlobalSection(ExtensibilityGlobals) = postSolution
		SolutionGuid = {C4B32047-3C11-4BB1-B624-60C669B49F54}
	EndGlobalSection
EndGlobal
