
Microsoft Visual Studio Solution File, Format Version 12.00
# Visual Studio Version 17
VisualStudioVersion = 17.3.32922.545
MinimumVisualStudioVersion = 10.0.40219.1
Project("{8BC9CEB8-8B4A-11D0-8D11-00A0C91BC942}") = "Project1", "Project1\Project1.vcxproj", "{32D9EF71-2732-450A-B718-C3BC47F03AB8}"
EndProject
Project("{8BC9CEB8-8B4A-11D0-8D11-00A0C91BC942}") = "Project2", "Project2\Project2.vcxproj", "{D4C1C197-EA00-47B5-92A8-A2095EEE8DE9}"
EndProject
Project("{8BC9CEB8-8B4A-11D0-8D11-00A0C91BC942}") = "Project3", "Project3\Project3.vcxproj", "{2415AC45-52C8-4DF5-B03E-CC5D698E54B5}"
EndProject
Project("{8BC9CEB8-8B4A-11D0-8D11-00A0C91BC942}") = "Project4", "Project4\Project4.vcxproj", "{1C6CD199-66D0-4F7B-8CC0-4FDBF3A6FA8A}"
EndProject
Project("{8BC9CEB8-8B4A-11D0-8D11-00A0C91BC942}") = "Project5", "Project5\Project5.vcxproj", "{0D2F32E7-9BAD-4BCA-B9DF-6ACA574B4602}"
EndProject
Project("{8BC9CEB8-8B4A-11D0-8D11-00A0C91BC942}") = "Project6", "Project6\Project6.vcxproj", "{F56221BC-9BC0-4F7B-8D77-8A4514F4072B}"
EndProject
Project("{8BC9CEB8-8B4A-11D0-8D11-00A0C91BC942}") = "Project7", "Project7\Project7.vcxproj", "{E76775B4-7C4F-44EC-90EE-3170203A7092}"
EndProject
Project("{8BC9CEB8-8B4A-11D0-8D11-00A0C91BC942}") = "Project8", "Project8\Project8.vcxproj", "{63DE0482-2C0C-446D-8EEB-D23A04893BE6}"
EndProject
Project("{8BC9CEB8-8B4A-11D0-8D11-00A0C91BC942}") = "Project9", "Project9\Project9.vcxproj", "{8B57CDA7-A02E-4090-ADC2-5D7C3AADB6C7}"
EndProject
Project("{8BC9CEB8-8B4A-11D0-8D11-00A0C91BC942}") = "Project10", "Project10\Project10.vcxproj", "{18688E40-F8BF-4305-BD4C-48D353B24E7A}"
EndProject
Project("{8BC9CEB8-8B4A-11D0-8D11-00A0C91BC942}") = "Project11", "Project11\Project11.vcxproj", "{07CBD7CE-14E1-45DB-806E-B17DA67C29A8}"
EndProject
Project("{8BC9CEB8-8B4A-11D0-8D11-00A0C91BC942}") = "Project12", "Project12\Project12.vcxproj", "{D6B1503E-90A2-4B0F-BC1E-0FE8DF3AA140}"
EndProject
Project("{8BC9CEB8-8B4A-11D0-8D11-00A0C91BC942}") = "Project13", "Project13\Project13.vcxproj", "{B4EE6004-4ACA-4855-B64B-AE8933D56B1D}"
EndProject
Global
	GlobalSection(SolutionConfigurationPlatforms) = preSolution
		Debug|x64 = Debug|x64
		Debug|x86 = Debug|x86
		Release|x64 = Release|x64
		Release|x86 = Release|x86
	EndGlobalSection
	GlobalSection(ProjectConfigurationPlatforms) = postSolution
		{32D9EF71-2732-450A-B718-C3BC47F03AB8}.Debug|x64.ActiveCfg = Debug|x64
		{32D9EF71-2732-450A-B718-C3BC47F03AB8}.Debug|x64.Build.0 = Debug|x64
		{32D9EF71-2732-450A-B718-C3BC47F03AB8}.Debug|x86.ActiveCfg = Debug|Win32
		{32D9EF71-2732-450A-B718-C3BC47F03AB8}.Debug|x86.Build.0 = Debug|Win32
		{32D9EF71-2732-450A-B718-C3BC47F03AB8}.Release|x64.ActiveCfg = Release|x64
		{32D9EF71-2732-450A-B718-C3BC47F03AB8}.Release|x64.Build.0 = Release|x64
		{32D9EF71-2732-450A-B718-C3BC47F03AB8}.Release|x86.ActiveCfg = Release|Win32
		{32D9EF71-2732-450A-B718-C3BC47F03AB8}.Release|x86.Build.0 = Release|Win32
		{D4C1C197-EA00-47B5-92A8-A2095EEE8DE9}.Debug|x64.ActiveCfg = Debug|x64
		{D4C1C197-EA00-47B5-92A8-A2095EEE8DE9}.Debug|x64.Build.0 = Debug|x64
		{D4C1C197-EA00-47B5-92A8-A2095EEE8DE9}.Debug|x86.ActiveCfg = Debug|Win32
		{D4C1C197-EA00-47B5-92A8-A2095EEE8DE9}.Debug|x86.Build.0 = Debug|Win32
		{D4C1C197-EA00-47B5-92A8-A2095EEE8DE9}.Release|x64.ActiveCfg = Release|x64
		{D4C1C197-EA00-47B5-92A8-A2095EEE8DE9}.Release|x64.Build.0 = Release|x64
		{D4C1C197-EA00-47B5-92A8-A2095EEE8DE9}.Release|x86.ActiveCfg = Release|Win32
		{D4C1C197-EA00-47B5-92A8-A2095EEE8DE9}.Release|x86.Build.0 = Release|Win32
		{2415AC45-52C8-4DF5-B03E-CC5D698E54B5}.Debug|x64.ActiveCfg = Debug|x64
		{2415AC45-52C8-4DF5-B03E-CC5D698E54B5}.Debug|x64.Build.0 = Debug|x64
		{2415AC45-52C8-4DF5-B03E-CC5D698E54B5}.Debug|x86.ActiveCfg = Debug|Win32
		{2415AC45-52C8-4DF5-B03E-CC5D698E54B5}.Debug|x86.Build.0 = Debug|Win32
		{2415AC45-52C8-4DF5-B03E-CC5D698E54B5}.Release|x64.ActiveCfg = Release|x64
		{2415AC45-52C8-4DF5-B03E-CC5D698E54B5}.Release|x64.Build.0 = Release|x64
		{2415AC45-52C8-4DF5-B03E-CC5D698E54B5}.Release|x86.ActiveCfg = Release|Win32
		{2415AC45-52C8-4DF5-B03E-CC5D698E54B5}.Release|x86.Build.0 = Release|Win32
		{1C6CD199-66D0-4F7B-8CC0-4FDBF3A6FA8A}.Debug|x64.ActiveCfg = Debug|x64
		{1C6CD199-66D0-4F7B-8CC0-4FDBF3A6FA8A}.Debug|x64.Build.0 = Debug|x64
		{1C6CD199-66D0-4F7B-8CC0-4FDBF3A6FA8A}.Debug|x86.ActiveCfg = Debug|Win32
		{1C6CD199-66D0-4F7B-8CC0-4FDBF3A6FA8A}.Debug|x86.Build.0 = Debug|Win32
		{1C6CD199-66D0-4F7B-8CC0-4FDBF3A6FA8A}.Release|x64.ActiveCfg = Release|x64
		{1C6CD199-66D0-4F7B-8CC0-4FDBF3A6FA8A}.Release|x64.Build.0 = Release|x64
		{1C6CD199-66D0-4F7B-8CC0-4FDBF3A6FA8A}.Release|x86.ActiveCfg = Release|Win32
		{1C6CD199-66D0-4F7B-8CC0-4FDBF3A6FA8A}.Release|x86.Build.0 = Release|Win32
		{0D2F32E7-9BAD-4BCA-B9DF-6ACA574B4602}.Debug|x64.ActiveCfg = Debug|x64
		{0D2F32E7-9BAD-4BCA-B9DF-6ACA574B4602}.Debug|x64.Build.0 = Debug|x64
		{0D2F32E7-9BAD-4BCA-B9DF-6ACA574B4602}.Debug|x86.ActiveCfg = Debug|Win32
		{0D2F32E7-9BAD-4BCA-B9DF-6ACA574B4602}.Debug|x86.Build.0 = Debug|Win32
		{0D2F32E7-9BAD-4BCA-B9DF-6ACA574B4602}.Release|x64.ActiveCfg = Release|x64
		{0D2F32E7-9BAD-4BCA-B9DF-6ACA574B4602}.Release|x64.Build.0 = Release|x64
		{0D2F32E7-9BAD-4BCA-B9DF-6ACA574B4602}.Release|x86.ActiveCfg = Release|Win32
		{0D2F32E7-9BAD-4BCA-B9DF-6ACA574B4602}.Release|x86.Build.0 = Release|Win32
		{F56221BC-9BC0-4F7B-8D77-8A4514F4072B}.Debug|x64.ActiveCfg = Debug|x64
		{F56221BC-9BC0-4F7B-8D77-8A4514F4072B}.Debug|x64.Build.0 = Debug|x64
		{F56221BC-9BC0-4F7B-8D77-8A4514F4072B}.Debug|x86.ActiveCfg = Debug|Win32
		{F56221BC-9BC0-4F7B-8D77-8A4514F4072B}.Debug|x86.Build.0 = Debug|Win32
		{F56221BC-9BC0-4F7B-8D77-8A4514F4072B}.Release|x64.ActiveCfg = Release|x64
		{F56221BC-9BC0-4F7B-8D77-8A4514F4072B}.Release|x64.Build.0 = Release|x64
		{F56221BC-9BC0-4F7B-8D77-8A4514F4072B}.Release|x86.ActiveCfg = Release|Win32
		{F56221BC-9BC0-4F7B-8D77-8A4514F4072B}.Release|x86.Build.0 = Release|Win32
		{E76775B4-7C4F-44EC-90EE-3170203A7092}.Debug|x64.ActiveCfg = Debug|x64
		{E76775B4-7C4F-44EC-90EE-3170203A7092}.Debug|x64.Build.0 = Debug|x64
		{E76775B4-7C4F-44EC-90EE-3170203A7092}.Debug|x86.ActiveCfg = Debug|Win32
		{E76775B4-7C4F-44EC-90EE-3170203A7092}.Debug|x86.Build.0 = Debug|Win32
		{E76775B4-7C4F-44EC-90EE-3170203A7092}.Release|x64.ActiveCfg = Release|x64
		{E76775B4-7C4F-44EC-90EE-3170203A7092}.Release|x64.Build.0 = Release|x64
		{E76775B4-7C4F-44EC-90EE-3170203A7092}.Release|x86.ActiveCfg = Release|Win32
		{E76775B4-7C4F-44EC-90EE-3170203A7092}.Release|x86.Build.0 = Release|Win32
		{63DE0482-2C0C-446D-8EEB-D23A04893BE6}.Debug|x64.ActiveCfg = Debug|x64
		{63DE0482-2C0C-446D-8EEB-D23A04893BE6}.Debug|x64.Build.0 = Debug|x64
		{63DE0482-2C0C-446D-8EEB-D23A04893BE6}.Debug|x86.ActiveCfg = Debug|Win32
		{63DE0482-2C0C-446D-8EEB-D23A04893BE6}.Debug|x86.Build.0 = Debug|Win32
		{63DE0482-2C0C-446D-8EEB-D23A04893BE6}.Release|x64.ActiveCfg = Release|x64
		{63DE0482-2C0C-446D-8EEB-D23A04893BE6}.Release|x64.Build.0 = Release|x64
		{63DE0482-2C0C-446D-8EEB-D23A04893BE6}.Release|x86.ActiveCfg = Release|Win32
		{63DE0482-2C0C-446D-8EEB-D23A04893BE6}.Release|x86.Build.0 = Release|Win32
		{8B57CDA7-A02E-4090-ADC2-5D7C3AADB6C7}.Debug|x64.ActiveCfg = Debug|x64
		{8B57CDA7-A02E-4090-ADC2-5D7C3AADB6C7}.Debug|x64.Build.0 = Debug|x64
		{8B57CDA7-A02E-4090-ADC2-5D7C3AADB6C7}.Debug|x86.ActiveCfg = Debug|Win32
		{8B57CDA7-A02E-4090-ADC2-5D7C3AADB6C7}.Debug|x86.Build.0 = Debug|Win32
		{8B57CDA7-A02E-4090-ADC2-5D7C3AADB6C7}.Release|x64.ActiveCfg = Release|x64
		{8B57CDA7-A02E-4090-ADC2-5D7C3AADB6C7}.Release|x64.Build.0 = Release|x64
		{8B57CDA7-A02E-4090-ADC2-5D7C3AADB6C7}.Release|x86.ActiveCfg = Release|Win32
		{8B57CDA7-A02E-4090-ADC2-5D7C3AADB6C7}.Release|x86.Build.0 = Release|Win32
		{18688E40-F8BF-4305-BD4C-48D353B24E7A}.Debug|x64.ActiveCfg = Debug|x64
		{18688E40-F8BF-4305-BD4C-48D353B24E7A}.Debug|x64.Build.0 = Debug|x64
		{18688E40-F8BF-4305-BD4C-48D353B24E7A}.Debug|x86.ActiveCfg = Debug|Win32
		{18688E40-F8BF-4305-BD4C-48D353B24E7A}.Debug|x86.Build.0 = Debug|Win32
		{18688E40-F8BF-4305-BD4C-48D353B24E7A}.Release|x64.ActiveCfg = Release|x64
		{18688E40-F8BF-4305-BD4C-48D353B24E7A}.Release|x64.Build.0 = Release|x64
		{18688E40-F8BF-4305-BD4C-48D353B24E7A}.Release|x86.ActiveCfg = Release|Win32
		{18688E40-F8BF-4305-BD4C-48D353B24E7A}.Release|x86.Build.0 = Release|Win32
		{07CBD7CE-14E1-45DB-806E-B17DA67C29A8}.Debug|x64.ActiveCfg = Debug|x64
		{07CBD7CE-14E1-45DB-806E-B17DA67C29A8}.Debug|x64.Build.0 = Debug|x64
		{07CBD7CE-14E1-45DB-806E-B17DA67C29A8}.Debug|x86.ActiveCfg = Debug|Win32
		{07CBD7CE-14E1-45DB-806E-B17DA67C29A8}.Debug|x86.Build.0 = Debug|Win32
		{07CBD7CE-14E1-45DB-806E-B17DA67C29A8}.Release|x64.ActiveCfg = Release|x64
		{07CBD7CE-14E1-45DB-806E-B17DA67C29A8}.Release|x64.Build.0 = Release|x64
		{07CBD7CE-14E1-45DB-806E-B17DA67C29A8}.Release|x86.ActiveCfg = Release|Win32
		{07CBD7CE-14E1-45DB-806E-B17DA67C29A8}.Release|x86.Build.0 = Release|Win32
		{D6B1503E-90A2-4B0F-BC1E-0FE8DF3AA140}.Debug|x64.ActiveCfg = Debug|x64
		{D6B1503E-90A2-4B0F-BC1E-0FE8DF3AA140}.Debug|x64.Build.0 = Debug|x64
		{D6B1503E-90A2-4B0F-BC1E-0FE8DF3AA140}.Debug|x86.ActiveCfg = Debug|Win32
		{D6B1503E-90A2-4B0F-BC1E-0FE8DF3AA140}.Debug|x86.Build.0 = Debug|Win32
		{D6B1503E-90A2-4B0F-BC1E-0FE8DF3AA140}.Release|x64.ActiveCfg = Release|x64
		{D6B1503E-90A2-4B0F-BC1E-0FE8DF3AA140}.Release|x64.Build.0 = Release|x64
		{D6B1503E-90A2-4B0F-BC1E-0FE8DF3AA140}.Release|x86.ActiveCfg = Release|Win32
		{D6B1503E-90A2-4B0F-BC1E-0FE8DF3AA140}.Release|x86.Build.0 = Release|Win32
		{B4EE6004-4ACA-4855-B64B-AE8933D56B1D}.Debug|x64.ActiveCfg = Debug|x64
		{B4EE6004-4ACA-4855-B64B-AE8933D56B1D}.Debug|x64.Build.0 = Debug|x64
		{B4EE6004-4ACA-4855-B64B-AE8933D56B1D}.Debug|x86.ActiveCfg = Debug|Win32
		{B4EE6004-4ACA-4855-B64B-AE8933D56B1D}.Debug|x86.Build.0 = Debug|Win32
		{B4EE6004-4ACA-4855-B64B-AE8933D56B1D}.Release|x64.ActiveCfg = Release|x64
		{B4EE6004-4ACA-4855-B64B-AE8933D56B1D}.Release|x64.Build.0 = Release|x64
		{B4EE6004-4ACA-4855-B64B-AE8933D56B1D}.Release|x86.ActiveCfg = Release|Win32
		{B4EE6004-4ACA-4855-B64B-AE8933D56B1D}.Release|x86.Build.0 = Release|Win32
	EndGlobalSection
	GlobalSection(SolutionProperties) = preSolution
		HideSolutionNode = FALSE
	EndGlobalSection
	GlobalSection(ExtensibilityGlobals) = postSolution
		SolutionGuid = {7BF08669-5A44-46BE-BEBE-EC78DD864972}
	EndGlobalSection
EndGlobal
