
Microsoft Visual Studio Solution File, Format Version 12.00
# Visual Studio Version 17
VisualStudioVersion = 17.3.32922.545
MinimumVisualStudioVersion = 10.0.40219.1
Project("{8BC9CEB8-8B4A-11D0-8D11-00A0C91BC942}") = "Project1", "Project1\Project1.vcxproj", "{EEFA355C-EEC0-469E-BB31-8624B9435342}"
EndProject
Project("{8BC9CEB8-8B4A-11D0-8D11-00A0C91BC942}") = "Project2", "Project2\Project2.vcxproj", "{F956A00D-7206-4720-AA6B-FEA8B3A1A6DC}"
EndProject
Project("{8BC9CEB8-8B4A-11D0-8D11-00A0C91BC942}") = "Project3", "Project3\Project3.vcxproj", "{2E93BB62-2BEA-4999-ACE9-EF8FBC6B3D12}"
EndProject
Project("{8BC9CEB8-8B4A-11D0-8D11-00A0C91BC942}") = "Project4", "Project4\Project4.vcxproj", "{9D3B45A2-8670-4C2D-A0D1-CB7FACE09DF5}"
EndProject
Project("{8BC9CEB8-8B4A-11D0-8D11-00A0C91BC942}") = "Project5", "Project5\Project5.vcxproj", "{F03AF14B-BDDB-47A1-8884-0668CB1CDD35}"
EndProject
Project("{8BC9CEB8-8B4A-11D0-8D11-00A0C91BC942}") = "Project6", "Project6\Project6.vcxproj", "{CA11873C-E759-4379-8B60-DA569541EDA5}"
EndProject
Project("{8BC9CEB8-8B4A-11D0-8D11-00A0C91BC942}") = "Project7", "Project7\Project7.vcxproj", "{171944EE-E585-4BFE-8FB7-6163175D3382}"
EndProject
Project("{8BC9CEB8-8B4A-11D0-8D11-00A0C91BC942}") = "Project8", "Project8\Project8.vcxproj", "{91575298-A836-4EF6-8177-924710CFED33}"
EndProject
Project("{8BC9CEB8-8B4A-11D0-8D11-00A0C91BC942}") = "Project9", "Project9\Project9.vcxproj", "{D6B82FD8-2962-43E6-9D83-CC685D936C2F}"
EndProject
Project("{8BC9CEB8-8B4A-11D0-8D11-00A0C91BC942}") = "Project10", "Project10\Project10.vcxproj", "{A2787B83-AEE2-4CB3-B260-4803B9C299BE}"
EndProject
Project("{8BC9CEB8-8B4A-11D0-8D11-00A0C91BC942}") = "Project11", "Project11\Project11.vcxproj", "{F36323B2-DFB1-4E16-BF53-2D63FCD19C4C}"
EndProject
Project("{8BC9CEB8-8B4A-11D0-8D11-00A0C91BC942}") = "Project12", "Project12\Project12.vcxproj", "{9B12FFAE-7109-41ED-9F9D-B0D5B8D67FC7}"
EndProject
Project("{8BC9CEB8-8B4A-11D0-8D11-00A0C91BC942}") = "Project13", "Project13\Project13.vcxproj", "{60269B8A-21E2-4EDD-BFA7-BC4463FA363F}"
EndProject
Project("{8BC9CEB8-8B4A-11D0-8D11-00A0C91BC942}") = "Project14", "Project14\Project14.vcxproj", "{A494A49A-B8D7-4B7F-9563-8341B7C7F0A9}"
EndProject
Project("{8BC9CEB8-8B4A-11D0-8D11-00A0C91BC942}") = "Project15", "Project15\Project15.vcxproj", "{24327910-CCC0-4C5D-BB98-4EE603D63445}"
EndProject
Project("{8BC9CEB8-8B4A-11D0-8D11-00A0C91BC942}") = "Project16", "Project16\Project16.vcxproj", "{1878A99B-A62C-484E-97C4-53695613C996}"
EndProject
Global
	GlobalSection(SolutionConfigurationPlatforms) = preSolution
		Debug|x64 = Debug|x64
		Debug|x86 = Debug|x86
		Release|x64 = Release|x64
		Release|x86 = Release|x86
	EndGlobalSection
	GlobalSection(ProjectConfigurationPlatforms) = postSolution
		{EEFA355C-EEC0-469E-BB31-8624B9435342}.Debug|x64.ActiveCfg = Debug|x64
		{EEFA355C-EEC0-469E-BB31-8624B9435342}.Debug|x64.Build.0 = Debug|x64
		{EEFA355C-EEC0-469E-BB31-8624B9435342}.Debug|x86.ActiveCfg = Debug|Win32
		{EEFA355C-EEC0-469E-BB31-8624B9435342}.Debug|x86.Build.0 = Debug|Win32
		{EEFA355C-EEC0-469E-BB31-8624B9435342}.Release|x64.ActiveCfg = Release|x64
		{EEFA355C-EEC0-469E-BB31-8624B9435342}.Release|x64.Build.0 = Release|x64
		{EEFA355C-EEC0-469E-BB31-8624B9435342}.Release|x86.ActiveCfg = Release|Win32
		{EEFA355C-EEC0-469E-BB31-8624B9435342}.Release|x86.Build.0 = Release|Win32
		{F956A00D-7206-4720-AA6B-FEA8B3A1A6DC}.Debug|x64.ActiveCfg = Debug|x64
		{F956A00D-7206-4720-AA6B-FEA8B3A1A6DC}.Debug|x64.Build.0 = Debug|x64
		{F956A00D-7206-4720-AA6B-FEA8B3A1A6DC}.Debug|x86.ActiveCfg = Debug|Win32
		{F956A00D-7206-4720-AA6B-FEA8B3A1A6DC}.Debug|x86.Build.0 = Debug|Win32
		{F956A00D-7206-4720-AA6B-FEA8B3A1A6DC}.Release|x64.ActiveCfg = Release|x64
		{F956A00D-7206-4720-AA6B-FEA8B3A1A6DC}.Release|x64.Build.0 = Release|x64
		{F956A00D-7206-4720-AA6B-FEA8B3A1A6DC}.Release|x86.ActiveCfg = Release|Win32
		{F956A00D-7206-4720-AA6B-FEA8B3A1A6DC}.Release|x86.Build.0 = Release|Win32
		{2E93BB62-2BEA-4999-ACE9-EF8FBC6B3D12}.Debug|x64.ActiveCfg = Debug|x64
		{2E93BB62-2BEA-4999-ACE9-EF8FBC6B3D12}.Debug|x64.Build.0 = Debug|x64
		{2E93BB62-2BEA-4999-ACE9-EF8FBC6B3D12}.Debug|x86.ActiveCfg = Debug|Win32
		{2E93BB62-2BEA-4999-ACE9-EF8FBC6B3D12}.Debug|x86.Build.0 = Debug|Win32
		{2E93BB62-2BEA-4999-ACE9-EF8FBC6B3D12}.Release|x64.ActiveCfg = Release|x64
		{2E93BB62-2BEA-4999-ACE9-EF8FBC6B3D12}.Release|x64.Build.0 = Release|x64
		{2E93BB62-2BEA-4999-ACE9-EF8FBC6B3D12}.Release|x86.ActiveCfg = Release|Win32
		{2E93BB62-2BEA-4999-ACE9-EF8FBC6B3D12}.Release|x86.Build.0 = Release|Win32
		{9D3B45A2-8670-4C2D-A0D1-CB7FACE09DF5}.Debug|x64.ActiveCfg = Debug|x64
		{9D3B45A2-8670-4C2D-A0D1-CB7FACE09DF5}.Debug|x64.Build.0 = Debug|x64
		{9D3B45A2-8670-4C2D-A0D1-CB7FACE09DF5}.Debug|x86.ActiveCfg = Debug|Win32
		{9D3B45A2-8670-4C2D-A0D1-CB7FACE09DF5}.Debug|x86.Build.0 = Debug|Win32
		{9D3B45A2-8670-4C2D-A0D1-CB7FACE09DF5}.Release|x64.ActiveCfg = Release|x64
		{9D3B45A2-8670-4C2D-A0D1-CB7FACE09DF5}.Release|x64.Build.0 = Release|x64
		{9D3B45A2-8670-4C2D-A0D1-CB7FACE09DF5}.Release|x86.ActiveCfg = Release|Win32
		{9D3B45A2-8670-4C2D-A0D1-CB7FACE09DF5}.Release|x86.Build.0 = Release|Win32
		{F03AF14B-BDDB-47A1-8884-0668CB1CDD35}.Debug|x64.ActiveCfg = Debug|x64
		{F03AF14B-BDDB-47A1-8884-0668CB1CDD35}.Debug|x64.Build.0 = Debug|x64
		{F03AF14B-BDDB-47A1-8884-0668CB1CDD35}.Debug|x86.ActiveCfg = Debug|Win32
		{F03AF14B-BDDB-47A1-8884-0668CB1CDD35}.Debug|x86.Build.0 = Debug|Win32
		{F03AF14B-BDDB-47A1-8884-0668CB1CDD35}.Release|x64.ActiveCfg = Release|x64
		{F03AF14B-BDDB-47A1-8884-0668CB1CDD35}.Release|x64.Build.0 = Release|x64
		{F03AF14B-BDDB-47A1-8884-0668CB1CDD35}.Release|x86.ActiveCfg = Release|Win32
		{F03AF14B-BDDB-47A1-8884-0668CB1CDD35}.Release|x86.Build.0 = Release|Win32
		{CA11873C-E759-4379-8B60-DA569541EDA5}.Debug|x64.ActiveCfg = Debug|x64
		{CA11873C-E759-4379-8B60-DA569541EDA5}.Debug|x64.Build.0 = Debug|x64
		{CA11873C-E759-4379-8B60-DA569541EDA5}.Debug|x86.ActiveCfg = Debug|Win32
		{CA11873C-E759-4379-8B60-DA569541EDA5}.Debug|x86.Build.0 = Debug|Win32
		{CA11873C-E759-4379-8B60-DA569541EDA5}.Release|x64.ActiveCfg = Release|x64
		{CA11873C-E759-4379-8B60-DA569541EDA5}.Release|x64.Build.0 = Release|x64
		{CA11873C-E759-4379-8B60-DA569541EDA5}.Release|x86.ActiveCfg = Release|Win32
		{CA11873C-E759-4379-8B60-DA569541EDA5}.Release|x86.Build.0 = Release|Win32
		{171944EE-E585-4BFE-8FB7-6163175D3382}.Debug|x64.ActiveCfg = Debug|x64
		{171944EE-E585-4BFE-8FB7-6163175D3382}.Debug|x64.Build.0 = Debug|x64
		{171944EE-E585-4BFE-8FB7-6163175D3382}.Debug|x86.ActiveCfg = Debug|Win32
		{171944EE-E585-4BFE-8FB7-6163175D3382}.Debug|x86.Build.0 = Debug|Win32
		{171944EE-E585-4BFE-8FB7-6163175D3382}.Release|x64.ActiveCfg = Release|x64
		{171944EE-E585-4BFE-8FB7-6163175D3382}.Release|x64.Build.0 = Release|x64
		{171944EE-E585-4BFE-8FB7-6163175D3382}.Release|x86.ActiveCfg = Release|Win32
		{171944EE-E585-4BFE-8FB7-6163175D3382}.Release|x86.Build.0 = Release|Win32
		{91575298-A836-4EF6-8177-924710CFED33}.Debug|x64.ActiveCfg = Debug|x64
		{91575298-A836-4EF6-8177-924710CFED33}.Debug|x64.Build.0 = Debug|x64
		{91575298-A836-4EF6-8177-924710CFED33}.Debug|x86.ActiveCfg = Debug|Win32
		{91575298-A836-4EF6-8177-924710CFED33}.Debug|x86.Build.0 = Debug|Win32
		{91575298-A836-4EF6-8177-924710CFED33}.Release|x64.ActiveCfg = Release|x64
		{91575298-A836-4EF6-8177-924710CFED33}.Release|x64.Build.0 = Release|x64
		{91575298-A836-4EF6-8177-924710CFED33}.Release|x86.ActiveCfg = Release|Win32
		{91575298-A836-4EF6-8177-924710CFED33}.Release|x86.Build.0 = Release|Win32
		{D6B82FD8-2962-43E6-9D83-CC685D936C2F}.Debug|x64.ActiveCfg = Debug|x64
		{D6B82FD8-2962-43E6-9D83-CC685D936C2F}.Debug|x64.Build.0 = Debug|x64
		{D6B82FD8-2962-43E6-9D83-CC685D936C2F}.Debug|x86.ActiveCfg = Debug|Win32
		{D6B82FD8-2962-43E6-9D83-CC685D936C2F}.Debug|x86.Build.0 = Debug|Win32
		{D6B82FD8-2962-43E6-9D83-CC685D936C2F}.Release|x64.ActiveCfg = Release|x64
		{D6B82FD8-2962-43E6-9D83-CC685D936C2F}.Release|x64.Build.0 = Release|x64
		{D6B82FD8-2962-43E6-9D83-CC685D936C2F}.Release|x86.ActiveCfg = Release|Win32
		{D6B82FD8-2962-43E6-9D83-CC685D936C2F}.Release|x86.Build.0 = Release|Win32
		{A2787B83-AEE2-4CB3-B260-4803B9C299BE}.Debug|x64.ActiveCfg = Debug|x64
		{A2787B83-AEE2-4CB3-B260-4803B9C299BE}.Debug|x64.Build.0 = Debug|x64
		{A2787B83-AEE2-4CB3-B260-4803B9C299BE}.Debug|x86.ActiveCfg = Debug|Win32
		{A2787B83-AEE2-4CB3-B260-4803B9C299BE}.Debug|x86.Build.0 = Debug|Win32
		{A2787B83-AEE2-4CB3-B260-4803B9C299BE}.Release|x64.ActiveCfg = Release|x64
		{A2787B83-AEE2-4CB3-B260-4803B9C299BE}.Release|x64.Build.0 = Release|x64
		{A2787B83-AEE2-4CB3-B260-4803B9C299BE}.Release|x86.ActiveCfg = Release|Win32
		{A2787B83-AEE2-4CB3-B260-4803B9C299BE}.Release|x86.Build.0 = Release|Win32
		{F36323B2-DFB1-4E16-BF53-2D63FCD19C4C}.Debug|x64.ActiveCfg = Debug|x64
		{F36323B2-DFB1-4E16-BF53-2D63FCD19C4C}.Debug|x64.Build.0 = Debug|x64
		{F36323B2-DFB1-4E16-BF53-2D63FCD19C4C}.Debug|x86.ActiveCfg = Debug|Win32
		{F36323B2-DFB1-4E16-BF53-2D63FCD19C4C}.Debug|x86.Build.0 = Debug|Win32
		{F36323B2-DFB1-4E16-BF53-2D63FCD19C4C}.Release|x64.ActiveCfg = Release|x64
		{F36323B2-DFB1-4E16-BF53-2D63FCD19C4C}.Release|x64.Build.0 = Release|x64
		{F36323B2-DFB1-4E16-BF53-2D63FCD19C4C}.Release|x86.ActiveCfg = Release|Win32
		{F36323B2-DFB1-4E16-BF53-2D63FCD19C4C}.Release|x86.Build.0 = Release|Win32
		{9B12FFAE-7109-41ED-9F9D-B0D5B8D67FC7}.Debug|x64.ActiveCfg = Debug|x64
		{9B12FFAE-7109-41ED-9F9D-B0D5B8D67FC7}.Debug|x64.Build.0 = Debug|x64
		{9B12FFAE-7109-41ED-9F9D-B0D5B8D67FC7}.Debug|x86.ActiveCfg = Debug|Win32
		{9B12FFAE-7109-41ED-9F9D-B0D5B8D67FC7}.Debug|x86.Build.0 = Debug|Win32
		{9B12FFAE-7109-41ED-9F9D-B0D5B8D67FC7}.Release|x64.ActiveCfg = Release|x64
		{9B12FFAE-7109-41ED-9F9D-B0D5B8D67FC7}.Release|x64.Build.0 = Release|x64
		{9B12FFAE-7109-41ED-9F9D-B0D5B8D67FC7}.Release|x86.ActiveCfg = Release|Win32
		{9B12FFAE-7109-41ED-9F9D-B0D5B8D67FC7}.Release|x86.Build.0 = Release|Win32
		{60269B8A-21E2-4EDD-BFA7-BC4463FA363F}.Debug|x64.ActiveCfg = Debug|x64
		{60269B8A-21E2-4EDD-BFA7-BC4463FA363F}.Debug|x64.Build.0 = Debug|x64
		{60269B8A-21E2-4EDD-BFA7-BC4463FA363F}.Debug|x86.ActiveCfg = Debug|Win32
		{60269B8A-21E2-4EDD-BFA7-BC4463FA363F}.Debug|x86.Build.0 = Debug|Win32
		{60269B8A-21E2-4EDD-BFA7-BC4463FA363F}.Release|x64.ActiveCfg = Release|x64
		{60269B8A-21E2-4EDD-BFA7-BC4463FA363F}.Release|x64.Build.0 = Release|x64
		{60269B8A-21E2-4EDD-BFA7-BC4463FA363F}.Release|x86.ActiveCfg = Release|Win32
		{60269B8A-21E2-4EDD-BFA7-BC4463FA363F}.Release|x86.Build.0 = Release|Win32
		{A494A49A-B8D7-4B7F-9563-8341B7C7F0A9}.Debug|x64.ActiveCfg = Debug|x64
		{A494A49A-B8D7-4B7F-9563-8341B7C7F0A9}.Debug|x64.Build.0 = Debug|x64
		{A494A49A-B8D7-4B7F-9563-8341B7C7F0A9}.Debug|x86.ActiveCfg = Debug|Win32
		{A494A49A-B8D7-4B7F-9563-8341B7C7F0A9}.Debug|x86.Build.0 = Debug|Win32
		{A494A49A-B8D7-4B7F-9563-8341B7C7F0A9}.Release|x64.ActiveCfg = Release|x64
		{A494A49A-B8D7-4B7F-9563-8341B7C7F0A9}.Release|x64.Build.0 = Release|x64
		{A494A49A-B8D7-4B7F-9563-8341B7C7F0A9}.Release|x86.ActiveCfg = Release|Win32
		{A494A49A-B8D7-4B7F-9563-8341B7C7F0A9}.Release|x86.Build.0 = Release|Win32
		{24327910-CCC0-4C5D-BB98-4EE603D63445}.Debug|x64.ActiveCfg = Debug|x64
		{24327910-CCC0-4C5D-BB98-4EE603D63445}.Debug|x64.Build.0 = Debug|x64
		{24327910-CCC0-4C5D-BB98-4EE603D63445}.Debug|x86.ActiveCfg = Debug|Win32
		{24327910-CCC0-4C5D-BB98-4EE603D63445}.Debug|x86.Build.0 = Debug|Win32
		{24327910-CCC0-4C5D-BB98-4EE603D63445}.Release|x64.ActiveCfg = Release|x64
		{24327910-CCC0-4C5D-BB98-4EE603D63445}.Release|x64.Build.0 = Release|x64
		{24327910-CCC0-4C5D-BB98-4EE603D63445}.Release|x86.ActiveCfg = Release|Win32
		{24327910-CCC0-4C5D-BB98-4EE603D63445}.Release|x86.Build.0 = Release|Win32
		{1878A99B-A62C-484E-97C4-53695613C996}.Debug|x64.ActiveCfg = Debug|x64
		{1878A99B-A62C-484E-97C4-53695613C996}.Debug|x64.Build.0 = Debug|x64
		{1878A99B-A62C-484E-97C4-53695613C996}.Debug|x86.ActiveCfg = Debug|Win32
		{1878A99B-A62C-484E-97C4-53695613C996}.Debug|x86.Build.0 = Debug|Win32
		{1878A99B-A62C-484E-97C4-53695613C996}.Release|x64.ActiveCfg = Release|x64
		{1878A99B-A62C-484E-97C4-53695613C996}.Release|x64.Build.0 = Release|x64
		{1878A99B-A62C-484E-97C4-53695613C996}.Release|x86.ActiveCfg = Release|Win32
		{1878A99B-A62C-484E-97C4-53695613C996}.Release|x86.Build.0 = Release|Win32
	EndGlobalSection
	GlobalSection(SolutionProperties) = preSolution
		HideSolutionNode = FALSE
	EndGlobalSection
	GlobalSection(ExtensibilityGlobals) = postSolution
		SolutionGuid = {0C11DADF-B9B8-4933-AC22-D3F44FCBA670}
	EndGlobalSection
EndGlobal
