
Microsoft Visual Studio Solution File, Format Version 12.00
# Visual Studio Version 17
VisualStudioVersion = 17.3.32922.545
MinimumVisualStudioVersion = 10.0.40219.1
Project("{8BC9CEB8-8B4A-11D0-8D11-00A0C91BC942}") = "Project1", "Project1\Project1.vcxproj", "{D3541F86-6953-4CAE-8884-2D18339BCF5B}"
EndProject
Project("{8BC9CEB8-8B4A-11D0-8D11-00A0C91BC942}") = "Project2", "Project2\Project2.vcxproj", "{C322AE8D-152C-413A-B724-AD4E45814D81}"
EndProject
Project("{8BC9CEB8-8B4A-11D0-8D11-00A0C91BC942}") = "Project3", "Project3\Project3.vcxproj", "{797075F3-5A29-4C65-A5E0-18B6A040D639}"
EndProject
Project("{8BC9CEB8-8B4A-11D0-8D11-00A0C91BC942}") = "Project4", "Project4\Project4.vcxproj", "{A80CD142-2763-451C-96C5-3AE5DE2F3CE7}"
EndProject
Project("{8BC9CEB8-8B4A-11D0-8D11-00A0C91BC942}") = "Project5", "Project5\Project5.vcxproj", "{C93C565C-F5BE-4B46-8B87-A8FFDA580C1A}"
EndProject
Project("{8BC9CEB8-8B4A-11D0-8D11-00A0C91BC942}") = "Project6", "Project6\Project6.vcxproj", "{EE0A2D9B-28BE-46D0-AFC3-98C7793F8421}"
EndProject
Project("{8BC9CEB8-8B4A-11D0-8D11-00A0C91BC942}") = "Project7", "Project7\Project7.vcxproj", "{3DA6CAFD-340E-4AFF-AA5E-057CF06D328F}"
EndProject
Project("{8BC9CEB8-8B4A-11D0-8D11-00A0C91BC942}") = "Project8", "Project8\Project8.vcxproj", "{0724B994-C4EA-416F-8818-F360FF2D4186}"
EndProject
Project("{8BC9CEB8-8B4A-11D0-8D11-00A0C91BC942}") = "Project9", "Project9\Project9.vcxproj", "{680BE340-3227-4644-9BEA-B6EBF3D69E31}"
EndProject
Project("{8BC9CEB8-8B4A-11D0-8D11-00A0C91BC942}") = "Project10", "Project10\Project10.vcxproj", "{C1399FDD-8630-4F90-AF99-1E0C63AD1DD3}"
EndProject
Project("{8BC9CEB8-8B4A-11D0-8D11-00A0C91BC942}") = "Project11", "Project11\Project11.vcxproj", "{03A5EC48-D0D6-4434-A420-A3E21DEF7A65}"
EndProject
Project("{8BC9CEB8-8B4A-11D0-8D11-00A0C91BC942}") = "Project12", "Project12\Project12.vcxproj", "{06858F1E-950E-45CB-9AEA-84911B63D09C}"
EndProject
Project("{8BC9CEB8-8B4A-11D0-8D11-00A0C91BC942}") = "Project13", "Project13\Project13.vcxproj", "{E6FFB601-20A7-491B-A9EF-CF2FC07085E6}"
EndProject
Project("{8BC9CEB8-8B4A-11D0-8D11-00A0C91BC942}") = "Project14", "Project14\Project14.vcxproj", "{F15E4F99-B97C-42B7-B87F-5BA1624B99B5}"
EndProject
Project("{8BC9CEB8-8B4A-11D0-8D11-00A0C91BC942}") = "Project15", "Project15\Project15.vcxproj", "{D21C508E-0FA2-47B5-9F57-E35467126429}"
EndProject
Project("{8BC9CEB8-8B4A-11D0-8D11-00A0C91BC942}") = "Project16", "Project16\Project16.vcxproj", "{535DBDC0-4D9A-4060-ADE3-3D0518C5CD7E}"
EndProject
Project("{8BC9CEB8-8B4A-11D0-8D11-00A0C91BC942}") = "Project17", "Project17\Project17.vcxproj", "{B8E6BD26-70F4-4867-B6EE-5CE0B144FE54}"
EndProject
Project("{8BC9CEB8-8B4A-11D0-8D11-00A0C91BC942}") = "Project18", "Project18\Project18.vcxproj", "{280BED50-F491-4933-A866-3F601A56DD48}"
EndProject
Project("{8BC9CEB8-8B4A-11D0-8D11-00A0C91BC942}") = "Project19", "Project19\Project19.vcxproj", "{FC83D430-6E74-4B23-BDF8-1D326B47B8C5}"
EndProject
Global
	GlobalSection(SolutionConfigurationPlatforms) = preSolution
		Debug|x64 = Debug|x64
		Debug|x86 = Debug|x86
		Release|x64 = Release|x64
		Release|x86 = Release|x86
	EndGlobalSection
	GlobalSection(ProjectConfigurationPlatforms) = postSolution
		{D3541F86-6953-4CAE-8884-2D18339BCF5B}.Debug|x64.ActiveCfg = Debug|x64
		{D3541F86-6953-4CAE-8884-2D18339BCF5B}.Debug|x64.Build.0 = Debug|x64
		{D3541F86-6953-4CAE-8884-2D18339BCF5B}.Debug|x86.ActiveCfg = Debug|Win32
		{D3541F86-6953-4CAE-8884-2D18339BCF5B}.Debug|x86.Build.0 = Debug|Win32
		{D3541F86-6953-4CAE-8884-2D18339BCF5B}.Release|x64.ActiveCfg = Release|x64
		{D3541F86-6953-4CAE-8884-2D18339BCF5B}.Release|x64.Build.0 = Release|x64
		{D3541F86-6953-4CAE-8884-2D18339BCF5B}.Release|x86.ActiveCfg = Release|Win32
		{D3541F86-6953-4CAE-8884-2D18339BCF5B}.Release|x86.Build.0 = Release|Win32
		{C322AE8D-152C-413A-B724-AD4E45814D81}.Debug|x64.ActiveCfg = Debug|x64
		{C322AE8D-152C-413A-B724-AD4E45814D81}.Debug|x64.Build.0 = Debug|x64
		{C322AE8D-152C-413A-B724-AD4E45814D81}.Debug|x86.ActiveCfg = Debug|Win32
		{C322AE8D-152C-413A-B724-AD4E45814D81}.Debug|x86.Build.0 = Debug|Win32
		{C322AE8D-152C-413A-B724-AD4E45814D81}.Release|x64.ActiveCfg = Release|x64
		{C322AE8D-152C-413A-B724-AD4E45814D81}.Release|x64.Build.0 = Release|x64
		{C322AE8D-152C-413A-B724-AD4E45814D81}.Release|x86.ActiveCfg = Release|Win32
		{C322AE8D-152C-413A-B724-AD4E45814D81}.Release|x86.Build.0 = Release|Win32
		{797075F3-5A29-4C65-A5E0-18B6A040D639}.Debug|x64.ActiveCfg = Debug|x64
		{797075F3-5A29-4C65-A5E0-18B6A040D639}.Debug|x64.Build.0 = Debug|x64
		{797075F3-5A29-4C65-A5E0-18B6A040D639}.Debug|x86.ActiveCfg = Debug|Win32
		{797075F3-5A29-4C65-A5E0-18B6A040D639}.Debug|x86.Build.0 = Debug|Win32
		{797075F3-5A29-4C65-A5E0-18B6A040D639}.Release|x64.ActiveCfg = Release|x64
		{797075F3-5A29-4C65-A5E0-18B6A040D639}.Release|x64.Build.0 = Release|x64
		{797075F3-5A29-4C65-A5E0-18B6A040D639}.Release|x86.ActiveCfg = Release|Win32
		{797075F3-5A29-4C65-A5E0-18B6A040D639}.Release|x86.Build.0 = Release|Win32
		{A80CD142-2763-451C-96C5-3AE5DE2F3CE7}.Debug|x64.ActiveCfg = Debug|x64
		{A80CD142-2763-451C-96C5-3AE5DE2F3CE7}.Debug|x64.Build.0 = Debug|x64
		{A80CD142-2763-451C-96C5-3AE5DE2F3CE7}.Debug|x86.ActiveCfg = Debug|Win32
		{A80CD142-2763-451C-96C5-3AE5DE2F3CE7}.Debug|x86.Build.0 = Debug|Win32
		{A80CD142-2763-451C-96C5-3AE5DE2F3CE7}.Release|x64.ActiveCfg = Release|x64
		{A80CD142-2763-451C-96C5-3AE5DE2F3CE7}.Release|x64.Build.0 = Release|x64
		{A80CD142-2763-451C-96C5-3AE5DE2F3CE7}.Release|x86.ActiveCfg = Release|Win32
		{A80CD142-2763-451C-96C5-3AE5DE2F3CE7}.Release|x86.Build.0 = Release|Win32
		{C93C565C-F5BE-4B46-8B87-A8FFDA580C1A}.Debug|x64.ActiveCfg = Debug|x64
		{C93C565C-F5BE-4B46-8B87-A8FFDA580C1A}.Debug|x64.Build.0 = Debug|x64
		{C93C565C-F5BE-4B46-8B87-A8FFDA580C1A}.Debug|x86.ActiveCfg = Debug|Win32
		{C93C565C-F5BE-4B46-8B87-A8FFDA580C1A}.Debug|x86.Build.0 = Debug|Win32
		{C93C565C-F5BE-4B46-8B87-A8FFDA580C1A}.Release|x64.ActiveCfg = Release|x64
		{C93C565C-F5BE-4B46-8B87-A8FFDA580C1A}.Release|x64.Build.0 = Release|x64
		{C93C565C-F5BE-4B46-8B87-A8FFDA580C1A}.Release|x86.ActiveCfg = Release|Win32
		{C93C565C-F5BE-4B46-8B87-A8FFDA580C1A}.Release|x86.Build.0 = Release|Win32
		{EE0A2D9B-28BE-46D0-AFC3-98C7793F8421}.Debug|x64.ActiveCfg = Debug|x64
		{EE0A2D9B-28BE-46D0-AFC3-98C7793F8421}.Debug|x64.Build.0 = Debug|x64
		{EE0A2D9B-28BE-46D0-AFC3-98C7793F8421}.Debug|x86.ActiveCfg = Debug|Win32
		{EE0A2D9B-28BE-46D0-AFC3-98C7793F8421}.Debug|x86.Build.0 = Debug|Win32
		{EE0A2D9B-28BE-46D0-AFC3-98C7793F8421}.Release|x64.ActiveCfg = Release|x64
		{EE0A2D9B-28BE-46D0-AFC3-98C7793F8421}.Release|x64.Build.0 = Release|x64
		{EE0A2D9B-28BE-46D0-AFC3-98C7793F8421}.Release|x86.ActiveCfg = Release|Win32
		{EE0A2D9B-28BE-46D0-AFC3-98C7793F8421}.Release|x86.Build.0 = Release|Win32
		{3DA6CAFD-340E-4AFF-AA5E-057CF06D328F}.Debug|x64.ActiveCfg = Debug|x64
		{3DA6CAFD-340E-4AFF-AA5E-057CF06D328F}.Debug|x64.Build.0 = Debug|x64
		{3DA6CAFD-340E-4AFF-AA5E-057CF06D328F}.Debug|x86.ActiveCfg = Debug|Win32
		{3DA6CAFD-340E-4AFF-AA5E-057CF06D328F}.Debug|x86.Build.0 = Debug|Win32
		{3DA6CAFD-340E-4AFF-AA5E-057CF06D328F}.Release|x64.ActiveCfg = Release|x64
		{3DA6CAFD-340E-4AFF-AA5E-057CF06D328F}.Release|x64.Build.0 = Release|x64
		{3DA6CAFD-340E-4AFF-AA5E-057CF06D328F}.Release|x86.ActiveCfg = Release|Win32
		{3DA6CAFD-340E-4AFF-AA5E-057CF06D328F}.Release|x86.Build.0 = Release|Win32
		{0724B994-C4EA-416F-8818-F360FF2D4186}.Debug|x64.ActiveCfg = Debug|x64
		{0724B994-C4EA-416F-8818-F360FF2D4186}.Debug|x64.Build.0 = Debug|x64
		{0724B994-C4EA-416F-8818-F360FF2D4186}.Debug|x86.ActiveCfg = Debug|Win32
		{0724B994-C4EA-416F-8818-F360FF2D4186}.Debug|x86.Build.0 = Debug|Win32
		{0724B994-C4EA-416F-8818-F360FF2D4186}.Release|x64.ActiveCfg = Release|x64
		{0724B994-C4EA-416F-8818-F360FF2D4186}.Release|x64.Build.0 = Release|x64
		{0724B994-C4EA-416F-8818-F360FF2D4186}.Release|x86.ActiveCfg = Release|Win32
		{0724B994-C4EA-416F-8818-F360FF2D4186}.Release|x86.Build.0 = Release|Win32
		{680BE340-3227-4644-9BEA-B6EBF3D69E31}.Debug|x64.ActiveCfg = Debug|x64
		{680BE340-3227-4644-9BEA-B6EBF3D69E31}.Debug|x64.Build.0 = Debug|x64
		{680BE340-3227-4644-9BEA-B6EBF3D69E31}.Debug|x86.ActiveCfg = Debug|Win32
		{680BE340-3227-4644-9BEA-B6EBF3D69E31}.Debug|x86.Build.0 = Debug|Win32
		{680BE340-3227-4644-9BEA-B6EBF3D69E31}.Release|x64.ActiveCfg = Release|x64
		{680BE340-3227-4644-9BEA-B6EBF3D69E31}.Release|x64.Build.0 = Release|x64
		{680BE340-3227-4644-9BEA-B6EBF3D69E31}.Release|x86.ActiveCfg = Release|Win32
		{680BE340-3227-4644-9BEA-B6EBF3D69E31}.Release|x86.Build.0 = Release|Win32
		{C1399FDD-8630-4F90-AF99-1E0C63AD1DD3}.Debug|x64.ActiveCfg = Debug|x64
		{C1399FDD-8630-4F90-AF99-1E0C63AD1DD3}.Debug|x64.Build.0 = Debug|x64
		{C1399FDD-8630-4F90-AF99-1E0C63AD1DD3}.Debug|x86.ActiveCfg = Debug|Win32
		{C1399FDD-8630-4F90-AF99-1E0C63AD1DD3}.Debug|x86.Build.0 = Debug|Win32
		{C1399FDD-8630-4F90-AF99-1E0C63AD1DD3}.Release|x64.ActiveCfg = Release|x64
		{C1399FDD-8630-4F90-AF99-1E0C63AD1DD3}.Release|x64.Build.0 = Release|x64
		{C1399FDD-8630-4F90-AF99-1E0C63AD1DD3}.Release|x86.ActiveCfg = Release|Win32
		{C1399FDD-8630-4F90-AF99-1E0C63AD1DD3}.Release|x86.Build.0 = Release|Win32
		{03A5EC48-D0D6-4434-A420-A3E21DEF7A65}.Debug|x64.ActiveCfg = Debug|x64
		{03A5EC48-D0D6-4434-A420-A3E21DEF7A65}.Debug|x64.Build.0 = Debug|x64
		{03A5EC48-D0D6-4434-A420-A3E21DEF7A65}.Debug|x86.ActiveCfg = Debug|Win32
		{03A5EC48-D0D6-4434-A420-A3E21DEF7A65}.Debug|x86.Build.0 = Debug|Win32
		{03A5EC48-D0D6-4434-A420-A3E21DEF7A65}.Release|x64.ActiveCfg = Release|x64
		{03A5EC48-D0D6-4434-A420-A3E21DEF7A65}.Release|x64.Build.0 = Release|x64
		{03A5EC48-D0D6-4434-A420-A3E21DEF7A65}.Release|x86.ActiveCfg = Release|Win32
		{03A5EC48-D0D6-4434-A420-A3E21DEF7A65}.Release|x86.Build.0 = Release|Win32
		{06858F1E-950E-45CB-9AEA-84911B63D09C}.Debug|x64.ActiveCfg = Debug|x64
		{06858F1E-950E-45CB-9AEA-84911B63D09C}.Debug|x64.Build.0 = Debug|x64
		{06858F1E-950E-45CB-9AEA-84911B63D09C}.Debug|x86.ActiveCfg = Debug|Win32
		{06858F1E-950E-45CB-9AEA-84911B63D09C}.Debug|x86.Build.0 = Debug|Win32
		{06858F1E-950E-45CB-9AEA-84911B63D09C}.Release|x64.ActiveCfg = Release|x64
		{06858F1E-950E-45CB-9AEA-84911B63D09C}.Release|x64.Build.0 = Release|x64
		{06858F1E-950E-45CB-9AEA-84911B63D09C}.Release|x86.ActiveCfg = Release|Win32
		{06858F1E-950E-45CB-9AEA-84911B63D09C}.Release|x86.Build.0 = Release|Win32
		{E6FFB601-20A7-491B-A9EF-CF2FC07085E6}.Debug|x64.ActiveCfg = Debug|x64
		{E6FFB601-20A7-491B-A9EF-CF2FC07085E6}.Debug|x64.Build.0 = Debug|x64
		{E6FFB601-20A7-491B-A9EF-CF2FC07085E6}.Debug|x86.ActiveCfg = Debug|Win32
		{E6FFB601-20A7-491B-A9EF-CF2FC07085E6}.Debug|x86.Build.0 = Debug|Win32
		{E6FFB601-20A7-491B-A9EF-CF2FC07085E6}.Release|x64.ActiveCfg = Release|x64
		{E6FFB601-20A7-491B-A9EF-CF2FC07085E6}.Release|x64.Build.0 = Release|x64
		{E6FFB601-20A7-491B-A9EF-CF2FC07085E6}.Release|x86.ActiveCfg = Release|Win32
		{E6FFB601-20A7-491B-A9EF-CF2FC07085E6}.Release|x86.Build.0 = Release|Win32
		{F15E4F99-B97C-42B7-B87F-5BA1624B99B5}.Debug|x64.ActiveCfg = Debug|x64
		{F15E4F99-B97C-42B7-B87F-5BA1624B99B5}.Debug|x64.Build.0 = Debug|x64
		{F15E4F99-B97C-42B7-B87F-5BA1624B99B5}.Debug|x86.ActiveCfg = Debug|Win32
		{F15E4F99-B97C-42B7-B87F-5BA1624B99B5}.Debug|x86.Build.0 = Debug|Win32
		{F15E4F99-B97C-42B7-B87F-5BA1624B99B5}.Release|x64.ActiveCfg = Release|x64
		{F15E4F99-B97C-42B7-B87F-5BA1624B99B5}.Release|x64.Build.0 = Release|x64
		{F15E4F99-B97C-42B7-B87F-5BA1624B99B5}.Release|x86.ActiveCfg = Release|Win32
		{F15E4F99-B97C-42B7-B87F-5BA1624B99B5}.Release|x86.Build.0 = Release|Win32
		{D21C508E-0FA2-47B5-9F57-E35467126429}.Debug|x64.ActiveCfg = Debug|x64
		{D21C508E-0FA2-47B5-9F57-E35467126429}.Debug|x64.Build.0 = Debug|x64
		{D21C508E-0FA2-47B5-9F57-E35467126429}.Debug|x86.ActiveCfg = Debug|Win32
		{D21C508E-0FA2-47B5-9F57-E35467126429}.Debug|x86.Build.0 = Debug|Win32
		{D21C508E-0FA2-47B5-9F57-E35467126429}.Release|x64.ActiveCfg = Release|x64
		{D21C508E-0FA2-47B5-9F57-E35467126429}.Release|x64.Build.0 = Release|x64
		{D21C508E-0FA2-47B5-9F57-E35467126429}.Release|x86.ActiveCfg = Release|Win32
		{D21C508E-0FA2-47B5-9F57-E35467126429}.Release|x86.Build.0 = Release|Win32
		{535DBDC0-4D9A-4060-ADE3-3D0518C5CD7E}.Debug|x64.ActiveCfg = Debug|x64
		{535DBDC0-4D9A-4060-ADE3-3D0518C5CD7E}.Debug|x64.Build.0 = Debug|x64
		{535DBDC0-4D9A-4060-ADE3-3D0518C5CD7E}.Debug|x86.ActiveCfg = Debug|Win32
		{535DBDC0-4D9A-4060-ADE3-3D0518C5CD7E}.Debug|x86.Build.0 = Debug|Win32
		{535DBDC0-4D9A-4060-ADE3-3D0518C5CD7E}.Release|x64.ActiveCfg = Release|x64
		{535DBDC0-4D9A-4060-ADE3-3D0518C5CD7E}.Release|x64.Build.0 = Release|x64
		{535DBDC0-4D9A-4060-ADE3-3D0518C5CD7E}.Release|x86.ActiveCfg = Release|Win32
		{535DBDC0-4D9A-4060-ADE3-3D0518C5CD7E}.Release|x86.Build.0 = Release|Win32
		{B8E6BD26-70F4-4867-B6EE-5CE0B144FE54}.Debug|x64.ActiveCfg = Debug|x64
		{B8E6BD26-70F4-4867-B6EE-5CE0B144FE54}.Debug|x64.Build.0 = Debug|x64
		{B8E6BD26-70F4-4867-B6EE-5CE0B144FE54}.Debug|x86.ActiveCfg = Debug|Win32
		{B8E6BD26-70F4-4867-B6EE-5CE0B144FE54}.Debug|x86.Build.0 = Debug|Win32
		{B8E6BD26-70F4-4867-B6EE-5CE0B144FE54}.Release|x64.ActiveCfg = Release|x64
		{B8E6BD26-70F4-4867-B6EE-5CE0B144FE54}.Release|x64.Build.0 = Release|x64
		{B8E6BD26-70F4-4867-B6EE-5CE0B144FE54}.Release|x86.ActiveCfg = Release|Win32
		{B8E6BD26-70F4-4867-B6EE-5CE0B144FE54}.Release|x86.Build.0 = Release|Win32
		{280BED50-F491-4933-A866-3F601A56DD48}.Debug|x64.ActiveCfg = Debug|x64
		{280BED50-F491-4933-A866-3F601A56DD48}.Debug|x64.Build.0 = Debug|x64
		{280BED50-F491-4933-A866-3F601A56DD48}.Debug|x86.ActiveCfg = Debug|Win32
		{280BED50-F491-4933-A866-3F601A56DD48}.Debug|x86.Build.0 = Debug|Win32
		{280BED50-F491-4933-A866-3F601A56DD48}.Release|x64.ActiveCfg = Release|x64
		{280BED50-F491-4933-A866-3F601A56DD48}.Release|x64.Build.0 = Release|x64
		{280BED50-F491-4933-A866-3F601A56DD48}.Release|x86.ActiveCfg = Release|Win32
		{280BED50-F491-4933-A866-3F601A56DD48}.Release|x86.Build.0 = Release|Win32
		{FC83D430-6E74-4B23-BDF8-1D326B47B8C5}.Debug|x64.ActiveCfg = Debug|x64
		{FC83D430-6E74-4B23-BDF8-1D326B47B8C5}.Debug|x64.Build.0 = Debug|x64
		{FC83D430-6E74-4B23-BDF8-1D326B47B8C5}.Debug|x86.ActiveCfg = Debug|Win32
		{FC83D430-6E74-4B23-BDF8-1D326B47B8C5}.Debug|x86.Build.0 = Debug|Win32
		{FC83D430-6E74-4B23-BDF8-1D326B47B8C5}.Release|x64.ActiveCfg = Release|x64
		{FC83D430-6E74-4B23-BDF8-1D326B47B8C5}.Release|x64.Build.0 = Release|x64
		{FC83D430-6E74-4B23-BDF8-1D326B47B8C5}.Release|x86.ActiveCfg = Release|Win32
		{FC83D430-6E74-4B23-BDF8-1D326B47B8C5}.Release|x86.Build.0 = Release|Win32
	EndGlobalSection
	GlobalSection(SolutionProperties) = preSolution
		HideSolutionNode = FALSE
	EndGlobalSection
	GlobalSection(ExtensibilityGlobals) = postSolution
		SolutionGuid = {8C4ADDA9-3E28-4C84-8CDB-E90AD670FD6F}
	EndGlobalSection
EndGlobal
