
Microsoft Visual Studio Solution File, Format Version 12.00
# Visual Studio Version 17
VisualStudioVersion = 17.3.32922.545
MinimumVisualStudioVersion = 10.0.40219.1
Project("{8BC9CEB8-8B4A-11D0-8D11-00A0C91BC942}") = "Project1", "Project1\Project1.vcxproj", "{63564398-A699-40BB-A541-B127CB07BE97}"
EndProject
Project("{8BC9CEB8-8B4A-11D0-8D11-00A0C91BC942}") = "Project2", "Project2\Project2.vcxproj", "{21A35CFD-9900-4823-8C1D-E362AF57AE81}"
EndProject
Project("{8BC9CEB8-8B4A-11D0-8D11-00A0C91BC942}") = "Project3", "Project3\Project3.vcxproj", "{58FD0517-419C-4250-902F-5069F41044EF}"
EndProject
Project("{8BC9CEB8-8B4A-11D0-8D11-00A0C91BC942}") = "Project4", "Project4\Project4.vcxproj", "{A735ABBA-6CFD-4F6B-B31B-D6F6B3DF918F}"
EndProject
Project("{8BC9CEB8-8B4A-11D0-8D11-00A0C91BC942}") = "Project5", "Project5\Project5.vcxproj", "{08998F9B-BF6C-47F2-80A5-D33FC07CE7BF}"
EndProject
Project("{8BC9CEB8-8B4A-11D0-8D11-00A0C91BC942}") = "Project6", "Project6\Project6.vcxproj", "{D0E6DC2E-2305-4272-BD50-0DCA29DC0DBF}"
EndProject
Project("{8BC9CEB8-8B4A-11D0-8D11-00A0C91BC942}") = "Project7", "Project7\Project7.vcxproj", "{163204D8-6EC2-4551-A99C-48CF8EC6FAB3}"
EndProject
Project("{8BC9CEB8-8B4A-11D0-8D11-00A0C91BC942}") = "Project8", "Project8\Project8.vcxproj", "{79BB4FD3-AC34-463D-9012-15736EDF51F7}"
EndProject
Project("{8BC9CEB8-8B4A-11D0-8D11-00A0C91BC942}") = "Project9", "Project9\Project9.vcxproj", "{0DD75C2B-4072-43B5-B1B9-83513E2F993D}"
EndProject
Project("{8BC9CEB8-8B4A-11D0-8D11-00A0C91BC942}") = "Project10", "Project10\Project10.vcxproj", "{7D248DF1-7DF9-44E5-9843-E09B9FE09B8F}"
EndProject
Global
	GlobalSection(SolutionConfigurationPlatforms) = preSolution
		Debug|x64 = Debug|x64
		Debug|x86 = Debug|x86
		Release|x64 = Release|x64
		Release|x86 = Release|x86
	EndGlobalSection
	GlobalSection(ProjectConfigurationPlatforms) = postSolution
		{63564398-A699-40BB-A541-B127CB07BE97}.Debug|x64.ActiveCfg = Debug|x64
		{63564398-A699-40BB-A541-B127CB07BE97}.Debug|x64.Build.0 = Debug|x64
		{63564398-A699-40BB-A541-B127CB07BE97}.Debug|x86.ActiveCfg = Debug|Win32
		{63564398-A699-40BB-A541-B127CB07BE97}.Debug|x86.Build.0 = Debug|Win32
		{63564398-A699-40BB-A541-B127CB07BE97}.Release|x64.ActiveCfg = Release|x64
		{63564398-A699-40BB-A541-B127CB07BE97}.Release|x64.Build.0 = Release|x64
		{63564398-A699-40BB-A541-B127CB07BE97}.Release|x86.ActiveCfg = Release|Win32
		{63564398-A699-40BB-A541-B127CB07BE97}.Release|x86.Build.0 = Release|Win32
		{21A35CFD-9900-4823-8C1D-E362AF57AE81}.Debug|x64.ActiveCfg = Debug|x64
		{21A35CFD-9900-4823-8C1D-E362AF57AE81}.Debug|x64.Build.0 = Debug|x64
		{21A35CFD-9900-4823-8C1D-E362AF57AE81}.Debug|x86.ActiveCfg = Debug|Win32
		{21A35CFD-9900-4823-8C1D-E362AF57AE81}.Debug|x86.Build.0 = Debug|Win32
		{21A35CFD-9900-4823-8C1D-E362AF57AE81}.Release|x64.ActiveCfg = Release|x64
		{21A35CFD-9900-4823-8C1D-E362AF57AE81}.Release|x64.Build.0 = Release|x64
		{21A35CFD-9900-4823-8C1D-E362AF57AE81}.Release|x86.ActiveCfg = Release|Win32
		{21A35CFD-9900-4823-8C1D-E362AF57AE81}.Release|x86.Build.0 = Release|Win32
		{58FD0517-419C-4250-902F-5069F41044EF}.Debug|x64.ActiveCfg = Debug|x64
		{58FD0517-419C-4250-902F-5069F41044EF}.Debug|x64.Build.0 = Debug|x64
		{58FD0517-419C-4250-902F-5069F41044EF}.Debug|x86.ActiveCfg = Debug|Win32
		{58FD0517-419C-4250-902F-5069F41044EF}.Debug|x86.Build.0 = Debug|Win32
		{58FD0517-419C-4250-902F-5069F41044EF}.Release|x64.ActiveCfg = Release|x64
		{58FD0517-419C-4250-902F-5069F41044EF}.Release|x64.Build.0 = Release|x64
		{58FD0517-419C-4250-902F-5069F41044EF}.Release|x86.ActiveCfg = Release|Win32
		{58FD0517-419C-4250-902F-5069F41044EF}.Release|x86.Build.0 = Release|Win32
		{A735ABBA-6CFD-4F6B-B31B-D6F6B3DF918F}.Debug|x64.ActiveCfg = Debug|x64
		{A735ABBA-6CFD-4F6B-B31B-D6F6B3DF918F}.Debug|x64.Build.0 = Debug|x64
		{A735ABBA-6CFD-4F6B-B31B-D6F6B3DF918F}.Debug|x86.ActiveCfg = Debug|Win32
		{A735ABBA-6CFD-4F6B-B31B-D6F6B3DF918F}.Debug|x86.Build.0 = Debug|Win32
		{A735ABBA-6CFD-4F6B-B31B-D6F6B3DF918F}.Release|x64.ActiveCfg = Release|x64
		{A735ABBA-6CFD-4F6B-B31B-D6F6B3DF918F}.Release|x64.Build.0 = Release|x64
		{A735ABBA-6CFD-4F6B-B31B-D6F6B3DF918F}.Release|x86.ActiveCfg = Release|Win32
		{A735ABBA-6CFD-4F6B-B31B-D6F6B3DF918F}.Release|x86.Build.0 = Release|Win32
		{08998F9B-BF6C-47F2-80A5-D33FC07CE7BF}.Debug|x64.ActiveCfg = Debug|x64
		{08998F9B-BF6C-47F2-80A5-D33FC07CE7BF}.Debug|x64.Build.0 = Debug|x64
		{08998F9B-BF6C-47F2-80A5-D33FC07CE7BF}.Debug|x86.ActiveCfg = Debug|Win32
		{08998F9B-BF6C-47F2-80A5-D33FC07CE7BF}.Debug|x86.Build.0 = Debug|Win32
		{08998F9B-BF6C-47F2-80A5-D33FC07CE7BF}.Release|x64.ActiveCfg = Release|x64
		{08998F9B-BF6C-47F2-80A5-D33FC07CE7BF}.Release|x64.Build.0 = Release|x64
		{08998F9B-BF6C-47F2-80A5-D33FC07CE7BF}.Release|x86.ActiveCfg = Release|Win32
		{08998F9B-BF6C-47F2-80A5-D33FC07CE7BF}.Release|x86.Build.0 = Release|Win32
		{D0E6DC2E-2305-4272-BD50-0DCA29DC0DBF}.Debug|x64.ActiveCfg = Debug|x64
		{D0E6DC2E-2305-4272-BD50-0DCA29DC0DBF}.Debug|x64.Build.0 = Debug|x64
		{D0E6DC2E-2305-4272-BD50-0DCA29DC0DBF}.Debug|x86.ActiveCfg = Debug|Win32
		{D0E6DC2E-2305-4272-BD50-0DCA29DC0DBF}.Debug|x86.Build.0 = Debug|Win32
		{D0E6DC2E-2305-4272-BD50-0DCA29DC0DBF}.Release|x64.ActiveCfg = Release|x64
		{D0E6DC2E-2305-4272-BD50-0DCA29DC0DBF}.Release|x64.Build.0 = Release|x64
		{D0E6DC2E-2305-4272-BD50-0DCA29DC0DBF}.Release|x86.ActiveCfg = Release|Win32
		{D0E6DC2E-2305-4272-BD50-0DCA29DC0DBF}.Release|x86.Build.0 = Release|Win32
		{163204D8-6EC2-4551-A99C-48CF8EC6FAB3}.Debug|x64.ActiveCfg = Debug|x64
		{163204D8-6EC2-4551-A99C-48CF8EC6FAB3}.Debug|x64.Build.0 = Debug|x64
		{163204D8-6EC2-4551-A99C-48CF8EC6FAB3}.Debug|x86.ActiveCfg = Debug|Win32
		{163204D8-6EC2-4551-A99C-48CF8EC6FAB3}.Debug|x86.Build.0 = Debug|Win32
		{163204D8-6EC2-4551-A99C-48CF8EC6FAB3}.Release|x64.ActiveCfg = Release|x64
		{163204D8-6EC2-4551-A99C-48CF8EC6FAB3}.Release|x64.Build.0 = Release|x64
		{163204D8-6EC2-4551-A99C-48CF8EC6FAB3}.Release|x86.ActiveCfg = Release|Win32
		{163204D8-6EC2-4551-A99C-48CF8EC6FAB3}.Release|x86.Build.0 = Release|Win32
		{79BB4FD3-AC34-463D-9012-15736EDF51F7}.Debug|x64.ActiveCfg = Debug|x64
		{79BB4FD3-AC34-463D-9012-15736EDF51F7}.Debug|x64.Build.0 = Debug|x64
		{79BB4FD3-AC34-463D-9012-15736EDF51F7}.Debug|x86.ActiveCfg = Debug|Win32
		{79BB4FD3-AC34-463D-9012-15736EDF51F7}.Debug|x86.Build.0 = Debug|Win32
		{79BB4FD3-AC34-463D-9012-15736EDF51F7}.Release|x64.ActiveCfg = Release|x64
		{79BB4FD3-AC34-463D-9012-15736EDF51F7}.Release|x64.Build.0 = Release|x64
		{79BB4FD3-AC34-463D-9012-15736EDF51F7}.Release|x86.ActiveCfg = Release|Win32
		{79BB4FD3-AC34-463D-9012-15736EDF51F7}.Release|x86.Build.0 = Release|Win32
		{0DD75C2B-4072-43B5-B1B9-83513E2F993D}.Debug|x64.ActiveCfg = Debug|x64
		{0DD75C2B-4072-43B5-B1B9-83513E2F993D}.Debug|x64.Build.0 = Debug|x64
		{0DD75C2B-4072-43B5-B1B9-83513E2F993D}.Debug|x86.ActiveCfg = Debug|Win32
		{0DD75C2B-4072-43B5-B1B9-83513E2F993D}.Debug|x86.Build.0 = Debug|Win32
		{0DD75C2B-4072-43B5-B1B9-83513E2F993D}.Release|x64.ActiveCfg = Release|x64
		{0DD75C2B-4072-43B5-B1B9-83513E2F993D}.Release|x64.Build.0 = Release|x64
		{0DD75C2B-4072-43B5-B1B9-83513E2F993D}.Release|x86.ActiveCfg = Release|Win32
		{0DD75C2B-4072-43B5-B1B9-83513E2F993D}.Release|x86.Build.0 = Release|Win32
		{7D248DF1-7DF9-44E5-9843-E09B9FE09B8F}.Debug|x64.ActiveCfg = Debug|x64
		{7D248DF1-7DF9-44E5-9843-E09B9FE09B8F}.Debug|x64.Build.0 = Debug|x64
		{7D248DF1-7DF9-44E5-9843-E09B9FE09B8F}.Debug|x86.ActiveCfg = Debug|Win32
		{7D248DF1-7DF9-44E5-9843-E09B9FE09B8F}.Debug|x86.Build.0 = Debug|Win32
		{7D248DF1-7DF9-44E5-9843-E09B9FE09B8F}.Release|x64.ActiveCfg = Release|x64
		{7D248DF1-7DF9-44E5-9843-E09B9FE09B8F}.Release|x64.Build.0 = Release|x64
		{7D248DF1-7DF9-44E5-9843-E09B9FE09B8F}.Release|x86.ActiveCfg = Release|Win32
		{7D248DF1-7DF9-44E5-9843-E09B9FE09B8F}.Release|x86.Build.0 = Release|Win32
	EndGlobalSection
	GlobalSection(SolutionProperties) = preSolution
		HideSolutionNode = FALSE
	EndGlobalSection
	GlobalSection(ExtensibilityGlobals) = postSolution
		SolutionGuid = {BCAD2E45-112C-4F6D-9D8C-51E3C34540E1}
	EndGlobalSection
EndGlobal
